// !$*UTF8*$!
{
	archiveVersion = 1;
	classes = {
	};
	objectVersion = 56;
	objects = {

/* Begin PBXBuildFile section */
		F679D46C2C7E6EE20027714F /* ForYouItem.swift in Sources */ = {isa = PBXBuildFile; fileRef = F679D46B2C7E6EE20027714F /* ForYouItem.swift */; };
		F679D46E2C7E70380027714F /* SearchTextField.swift in Sources */ = {isa = PBXBuildFile; fileRef = F679D46D2C7E70380027714F /* SearchTextField.swift */; };
		F6884DED2C87B0FE00EB52B9 /* WishListSignInView.swift in Sources */ = {isa = PBXBuildFile; fileRef = F6884DEC2C87B0FE00EB52B9 /* WishListSignInView.swift */; };
		F6884DEF2C87B14900EB52B9 /* WishListMiddleView.swift in Sources */ = {isa = PBXBuildFile; fileRef = F6884DEE2C87B14900EB52B9 /* WishListMiddleView.swift */; };
		F6884DF12C87B31400EB52B9 /* WishListCountView.swift in Sources */ = {isa = PBXBuildFile; fileRef = F6884DF02C87B31400EB52B9 /* WishListCountView.swift */; };
		F6884DF32C87B5E800EB52B9 /* CreateNewWishListButton.swift in Sources */ = {isa = PBXBuildFile; fileRef = F6884DF22C87B5E800EB52B9 /* CreateNewWishListButton.swift */; };
		F69A6C142C7E753500F4EC6D /* MapView.swift in Sources */ = {isa = PBXBuildFile; fileRef = F69A6C132C7E753500F4EC6D /* MapView.swift */; };
		F69A6C162C7E885D00F4EC6D /* ShopDetailsView.swift in Sources */ = {isa = PBXBuildFile; fileRef = F69A6C152C7E885D00F4EC6D /* ShopDetailsView.swift */; };
		F69C7BE82C80E9EC00954369 /* ClassesListView.swift in Sources */ = {isa = PBXBuildFile; fileRef = F69C7BE72C80E9EC00954369 /* ClassesListView.swift */; };
		F69C7BEA2C81187400954369 /* ClassesListViewItem.swift in Sources */ = {isa = PBXBuildFile; fileRef = F69C7BE92C81187400954369 /* ClassesListViewItem.swift */; };
		F69C7BEC2C826C8400954369 /* ClassesButtomView.swift in Sources */ = {isa = PBXBuildFile; fileRef = F69C7BEB2C826C8400954369 /* ClassesButtomView.swift */; };
		F6A0B6B62C7D33E000E2AB87 /* LululemonApp.swift in Sources */ = {isa = PBXBuildFile; fileRef = F6A0B6B52C7D33E000E2AB87 /* LululemonApp.swift */; };
		F6A0B6B82C7D33E000E2AB87 /* ContentView.swift in Sources */ = {isa = PBXBuildFile; fileRef = F6A0B6B72C7D33E000E2AB87 /* ContentView.swift */; };
		F6A0B6BA2C7D33E100E2AB87 /* Assets.xcassets in Resources */ = {isa = PBXBuildFile; fileRef = F6A0B6B92C7D33E100E2AB87 /* Assets.xcassets */; };
		F6A0B6BD2C7D33E100E2AB87 /* Preview Assets.xcassets in Resources */ = {isa = PBXBuildFile; fileRef = F6A0B6BC2C7D33E100E2AB87 /* Preview Assets.xcassets */; };
		F6A0B6C72C7D33E100E2AB87 /* LululemonTests.swift in Sources */ = {isa = PBXBuildFile; fileRef = F6A0B6C62C7D33E100E2AB87 /* LululemonTests.swift */; };
		F6A0B6D12C7D33E100E2AB87 /* LululemonUITests.swift in Sources */ = {isa = PBXBuildFile; fileRef = F6A0B6D02C7D33E100E2AB87 /* LululemonUITests.swift */; };
		F6A0B6D32C7D33E100E2AB87 /* LululemonUITestsLaunchTests.swift in Sources */ = {isa = PBXBuildFile; fileRef = F6A0B6D22C7D33E100E2AB87 /* LululemonUITestsLaunchTests.swift */; };
		F6A0B6E92C7D365600E2AB87 /* ShopView.swift in Sources */ = {isa = PBXBuildFile; fileRef = F6A0B6E82C7D365600E2AB87 /* ShopView.swift */; };
		F6A0B6EC2C7D3B6400E2AB87 /* HelloView.swift in Sources */ = {isa = PBXBuildFile; fileRef = F6A0B6EB2C7D3B6400E2AB87 /* HelloView.swift */; };
		F6A0B6EE2C7D3C0700E2AB87 /* QRButton.swift in Sources */ = {isa = PBXBuildFile; fileRef = F6A0B6ED2C7D3C0700E2AB87 /* QRButton.swift */; };
		F6A0B6F02C7D425100E2AB87 /* ShopVM.swift in Sources */ = {isa = PBXBuildFile; fileRef = F6A0B6EF2C7D425100E2AB87 /* ShopVM.swift */; };
		F6A0B6F32C7D435C00E2AB87 /* CategoryCarouselRowListView.swift in Sources */ = {isa = PBXBuildFile; fileRef = F6A0B6F22C7D435C00E2AB87 /* CategoryCarouselRowListView.swift */; };
		F6A0B6F52C7D446C00E2AB87 /* Extensions.swift in Sources */ = {isa = PBXBuildFile; fileRef = F6A0B6F42C7D446C00E2AB87 /* Extensions.swift */; };
		F6A0B6F72C7D44E400E2AB87 /* SystemFont.swift in Sources */ = {isa = PBXBuildFile; fileRef = F6A0B6F62C7D44E400E2AB87 /* SystemFont.swift */; };
		F6A0B6F92C7D486700E2AB87 /* CategoryCarouselRowItemView.swift in Sources */ = {isa = PBXBuildFile; fileRef = F6A0B6F82C7D486700E2AB87 /* CategoryCarouselRowItemView.swift */; };
		F6A0B6FC2C7D511F00E2AB87 /* ForYouListItemView.swift in Sources */ = {isa = PBXBuildFile; fileRef = F6A0B6FB2C7D511F00E2AB87 /* ForYouListItemView.swift */; };
		F6A0B6FE2C7D51DA00E2AB87 /* ShopCategory.swift in Sources */ = {isa = PBXBuildFile; fileRef = F6A0B6FD2C7D51DA00E2AB87 /* ShopCategory.swift */; };
		F6A0B7002C7D935C00E2AB87 /* ForYouListView.swift in Sources */ = {isa = PBXBuildFile; fileRef = F6A0B6FF2C7D935C00E2AB87 /* ForYouListView.swift */; };
		F6FFCF942C7E34550029C9D2 /* ForYouBottomView.swift in Sources */ = {isa = PBXBuildFile; fileRef = F6FFCF932C7E34550029C9D2 /* ForYouBottomView.swift */; };
		F6FFCF962C7E3B160029C9D2 /* ForYouView.swift in Sources */ = {isa = PBXBuildFile; fileRef = F6FFCF952C7E3B160029C9D2 /* ForYouView.swift */; };
		F6FFCF992C7E43020029C9D2 /* StoresView.swift in Sources */ = {isa = PBXBuildFile; fileRef = F6FFCF982C7E43020029C9D2 /* StoresView.swift */; };
		F6FFCF9E2C7E43730029C9D2 /* ClassesView.swift in Sources */ = {isa = PBXBuildFile; fileRef = F6FFCF9D2C7E43730029C9D2 /* ClassesView.swift */; };
		F6FFCFA02C7E43820029C9D2 /* WishlistView.swift in Sources */ = {isa = PBXBuildFile; fileRef = F6FFCF9F2C7E43820029C9D2 /* WishlistView.swift */; };
		F6FFCFA22C7E438F0029C9D2 /* AccountView.swift in Sources */ = {isa = PBXBuildFile; fileRef = F6FFCFA12C7E438F0029C9D2 /* AccountView.swift */; };
		F6FFCFA42C7E54E90029C9D2 /* Common.swift in Sources */ = {isa = PBXBuildFile; fileRef = F6FFCFA32C7E54E90029C9D2 /* Common.swift */; };
/* End PBXBuildFile section */

/* Begin PBXContainerItemProxy section */
		F6A0B6C32C7D33E100E2AB87 /* PBXContainerItemProxy */ = {
			isa = PBXContainerItemProxy;
			containerPortal = F6A0B6AA2C7D33E000E2AB87 /* Project object */;
			proxyType = 1;
			remoteGlobalIDString = F6A0B6B12C7D33E000E2AB87;
			remoteInfo = Lululemon;
		};
		F6A0B6CD2C7D33E100E2AB87 /* PBXContainerItemProxy */ = {
			isa = PBXContainerItemProxy;
			containerPortal = F6A0B6AA2C7D33E000E2AB87 /* Project object */;
			proxyType = 1;
			remoteGlobalIDString = F6A0B6B12C7D33E000E2AB87;
			remoteInfo = Lululemon;
		};
/* End PBXContainerItemProxy section */

/* Begin PBXFileReference section */
		F679D46B2C7E6EE20027714F /* ForYouItem.swift */ = {isa = PBXFileReference; lastKnownFileType = sourcecode.swift; path = ForYouItem.swift; sourceTree = "<group>"; };
		F679D46D2C7E70380027714F /* SearchTextField.swift */ = {isa = PBXFileReference; lastKnownFileType = sourcecode.swift; path = SearchTextField.swift; sourceTree = "<group>"; };
		F6884DEC2C87B0FE00EB52B9 /* WishListSignInView.swift */ = {isa = PBXFileReference; lastKnownFileType = sourcecode.swift; path = WishListSignInView.swift; sourceTree = "<group>"; };
		F6884DEE2C87B14900EB52B9 /* WishListMiddleView.swift */ = {isa = PBXFileReference; lastKnownFileType = sourcecode.swift; path = WishListMiddleView.swift; sourceTree = "<group>"; };
		F6884DF02C87B31400EB52B9 /* WishListCountView.swift */ = {isa = PBXFileReference; lastKnownFileType = sourcecode.swift; path = WishListCountView.swift; sourceTree = "<group>"; };
		F6884DF22C87B5E800EB52B9 /* CreateNewWishListButton.swift */ = {isa = PBXFileReference; lastKnownFileType = sourcecode.swift; path = CreateNewWishListButton.swift; sourceTree = "<group>"; };
		F69A6C132C7E753500F4EC6D /* MapView.swift */ = {isa = PBXFileReference; lastKnownFileType = sourcecode.swift; path = MapView.swift; sourceTree = "<group>"; };
		F69A6C152C7E885D00F4EC6D /* ShopDetailsView.swift */ = {isa = PBXFileReference; lastKnownFileType = sourcecode.swift; path = ShopDetailsView.swift; sourceTree = "<group>"; };
		F69C7BE72C80E9EC00954369 /* ClassesListView.swift */ = {isa = PBXFileReference; lastKnownFileType = sourcecode.swift; path = ClassesListView.swift; sourceTree = "<group>"; };
		F69C7BE92C81187400954369 /* ClassesListViewItem.swift */ = {isa = PBXFileReference; lastKnownFileType = sourcecode.swift; path = ClassesListViewItem.swift; sourceTree = "<group>"; };
		F69C7BEB2C826C8400954369 /* ClassesButtomView.swift */ = {isa = PBXFileReference; lastKnownFileType = sourcecode.swift; path = ClassesButtomView.swift; sourceTree = "<group>"; };
		F6A0B6B22C7D33E000E2AB87 /* Lululemon.app */ = {isa = PBXFileReference; explicitFileType = wrapper.application; includeInIndex = 0; path = Lululemon.app; sourceTree = BUILT_PRODUCTS_DIR; };
		F6A0B6B52C7D33E000E2AB87 /* LululemonApp.swift */ = {isa = PBXFileReference; lastKnownFileType = sourcecode.swift; path = LululemonApp.swift; sourceTree = "<group>"; };
		F6A0B6B72C7D33E000E2AB87 /* ContentView.swift */ = {isa = PBXFileReference; lastKnownFileType = sourcecode.swift; path = ContentView.swift; sourceTree = "<group>"; };
		F6A0B6B92C7D33E100E2AB87 /* Assets.xcassets */ = {isa = PBXFileReference; lastKnownFileType = folder.assetcatalog; path = Assets.xcassets; sourceTree = "<group>"; };
		F6A0B6BC2C7D33E100E2AB87 /* Preview Assets.xcassets */ = {isa = PBXFileReference; lastKnownFileType = folder.assetcatalog; path = "Preview Assets.xcassets"; sourceTree = "<group>"; };
		F6A0B6C22C7D33E100E2AB87 /* LululemonTests.xctest */ = {isa = PBXFileReference; explicitFileType = wrapper.cfbundle; includeInIndex = 0; path = LululemonTests.xctest; sourceTree = BUILT_PRODUCTS_DIR; };
		F6A0B6C62C7D33E100E2AB87 /* LululemonTests.swift */ = {isa = PBXFileReference; lastKnownFileType = sourcecode.swift; path = LululemonTests.swift; sourceTree = "<group>"; };
		F6A0B6CC2C7D33E100E2AB87 /* LululemonUITests.xctest */ = {isa = PBXFileReference; explicitFileType = wrapper.cfbundle; includeInIndex = 0; path = LululemonUITests.xctest; sourceTree = BUILT_PRODUCTS_DIR; };
		F6A0B6D02C7D33E100E2AB87 /* LululemonUITests.swift */ = {isa = PBXFileReference; lastKnownFileType = sourcecode.swift; path = LululemonUITests.swift; sourceTree = "<group>"; };
		F6A0B6D22C7D33E100E2AB87 /* LululemonUITestsLaunchTests.swift */ = {isa = PBXFileReference; lastKnownFileType = sourcecode.swift; path = LululemonUITestsLaunchTests.swift; sourceTree = "<group>"; };
		F6A0B6E82C7D365600E2AB87 /* ShopView.swift */ = {isa = PBXFileReference; lastKnownFileType = sourcecode.swift; path = ShopView.swift; sourceTree = "<group>"; };
		F6A0B6EB2C7D3B6400E2AB87 /* HelloView.swift */ = {isa = PBXFileReference; lastKnownFileType = sourcecode.swift; path = HelloView.swift; sourceTree = "<group>"; };
		F6A0B6ED2C7D3C0700E2AB87 /* QRButton.swift */ = {isa = PBXFileReference; lastKnownFileType = sourcecode.swift; path = QRButton.swift; sourceTree = "<group>"; };
		F6A0B6EF2C7D425100E2AB87 /* ShopVM.swift */ = {isa = PBXFileReference; lastKnownFileType = sourcecode.swift; path = ShopVM.swift; sourceTree = "<group>"; };
		F6A0B6F22C7D435C00E2AB87 /* CategoryCarouselRowListView.swift */ = {isa = PBXFileReference; lastKnownFileType = sourcecode.swift; path = CategoryCarouselRowListView.swift; sourceTree = "<group>"; };
		F6A0B6F42C7D446C00E2AB87 /* Extensions.swift */ = {isa = PBXFileReference; lastKnownFileType = sourcecode.swift; path = Extensions.swift; sourceTree = "<group>"; };
		F6A0B6F62C7D44E400E2AB87 /* SystemFont.swift */ = {isa = PBXFileReference; lastKnownFileType = sourcecode.swift; path = SystemFont.swift; sourceTree = "<group>"; };
		F6A0B6F82C7D486700E2AB87 /* CategoryCarouselRowItemView.swift */ = {isa = PBXFileReference; lastKnownFileType = sourcecode.swift; path = CategoryCarouselRowItemView.swift; sourceTree = "<group>"; };
		F6A0B6FB2C7D511F00E2AB87 /* ForYouListItemView.swift */ = {isa = PBXFileReference; lastKnownFileType = sourcecode.swift; path = ForYouListItemView.swift; sourceTree = "<group>"; };
		F6A0B6FD2C7D51DA00E2AB87 /* ShopCategory.swift */ = {isa = PBXFileReference; lastKnownFileType = sourcecode.swift; path = ShopCategory.swift; sourceTree = "<group>"; };
		F6A0B6FF2C7D935C00E2AB87 /* ForYouListView.swift */ = {isa = PBXFileReference; lastKnownFileType = sourcecode.swift; path = ForYouListView.swift; sourceTree = "<group>"; };
		F6FFCF932C7E34550029C9D2 /* ForYouBottomView.swift */ = {isa = PBXFileReference; lastKnownFileType = sourcecode.swift; path = ForYouBottomView.swift; sourceTree = "<group>"; };
		F6FFCF952C7E3B160029C9D2 /* ForYouView.swift */ = {isa = PBXFileReference; lastKnownFileType = sourcecode.swift; path = ForYouView.swift; sourceTree = "<group>"; };
		F6FFCF982C7E43020029C9D2 /* StoresView.swift */ = {isa = PBXFileReference; lastKnownFileType = sourcecode.swift; path = StoresView.swift; sourceTree = "<group>"; };
		F6FFCF9D2C7E43730029C9D2 /* ClassesView.swift */ = {isa = PBXFileReference; lastKnownFileType = sourcecode.swift; path = ClassesView.swift; sourceTree = "<group>"; };
		F6FFCF9F2C7E43820029C9D2 /* WishlistView.swift */ = {isa = PBXFileReference; lastKnownFileType = sourcecode.swift; path = WishlistView.swift; sourceTree = "<group>"; };
		F6FFCFA12C7E438F0029C9D2 /* AccountView.swift */ = {isa = PBXFileReference; lastKnownFileType = sourcecode.swift; path = AccountView.swift; sourceTree = "<group>"; };
		F6FFCFA32C7E54E90029C9D2 /* Common.swift */ = {isa = PBXFileReference; lastKnownFileType = sourcecode.swift; path = Common.swift; sourceTree = "<group>"; };
/* End PBXFileReference section */

/* Begin PBXFrameworksBuildPhase section */
		F6A0B6AF2C7D33E000E2AB87 /* Frameworks */ = {
			isa = PBXFrameworksBuildPhase;
			buildActionMask = 2147483647;
			files = (
			);
			runOnlyForDeploymentPostprocessing = 0;
		};
		F6A0B6BF2C7D33E100E2AB87 /* Frameworks */ = {
			isa = PBXFrameworksBuildPhase;
			buildActionMask = 2147483647;
			files = (
			);
			runOnlyForDeploymentPostprocessing = 0;
		};
		F6A0B6C92C7D33E100E2AB87 /* Frameworks */ = {
			isa = PBXFrameworksBuildPhase;
			buildActionMask = 2147483647;
			files = (
			);
			runOnlyForDeploymentPostprocessing = 0;
		};
/* End PBXFrameworksBuildPhase section */

/* Begin PBXGroup section */
		F6A0B6A92C7D33E000E2AB87 = {
			isa = PBXGroup;
			children = (
				F6A0B6B42C7D33E000E2AB87 /* Lululemon */,
				F6A0B6C52C7D33E100E2AB87 /* LululemonTests */,
				F6A0B6CF2C7D33E100E2AB87 /* LululemonUITests */,
				F6A0B6B32C7D33E000E2AB87 /* Products */,
			);
			sourceTree = "<group>";
		};
		F6A0B6B32C7D33E000E2AB87 /* Products */ = {
			isa = PBXGroup;
			children = (
				F6A0B6B22C7D33E000E2AB87 /* Lululemon.app */,
				F6A0B6C22C7D33E100E2AB87 /* LululemonTests.xctest */,
				F6A0B6CC2C7D33E100E2AB87 /* LululemonUITests.xctest */,
			);
			name = Products;
			sourceTree = "<group>";
		};
		F6A0B6B42C7D33E000E2AB87 /* Lululemon */ = {
			isa = PBXGroup;
			children = (
				F6A0B6B92C7D33E100E2AB87 /* Assets.xcassets */,
				F6A0B6DF2C7D34C700E2AB87 /* App */,
				F6A0B6E32C7D34F800E2AB87 /* Views */,
				F6A0B6E52C7D350B00E2AB87 /* ViewModels */,
				F6A0B6E12C7D34ED00E2AB87 /* Models */,
				F6A0B6E62C7D351A00E2AB87 /* SampleJSONs */,
				F6A0B6BB2C7D33E100E2AB87 /* Preview Content */,
			);
			path = Lululemon;
			sourceTree = "<group>";
		};
		F6A0B6BB2C7D33E100E2AB87 /* Preview Content */ = {
			isa = PBXGroup;
			children = (
				F6A0B6BC2C7D33E100E2AB87 /* Preview Assets.xcassets */,
			);
			path = "Preview Content";
			sourceTree = "<group>";
		};
		F6A0B6C52C7D33E100E2AB87 /* LululemonTests */ = {
			isa = PBXGroup;
			children = (
				F6A0B6C62C7D33E100E2AB87 /* LululemonTests.swift */,
			);
			path = LululemonTests;
			sourceTree = "<group>";
		};
		F6A0B6CF2C7D33E100E2AB87 /* LululemonUITests */ = {
			isa = PBXGroup;
			children = (
				F6A0B6D02C7D33E100E2AB87 /* LululemonUITests.swift */,
				F6A0B6D22C7D33E100E2AB87 /* LululemonUITestsLaunchTests.swift */,
			);
			path = LululemonUITests;
			sourceTree = "<group>";
		};
		F6A0B6DF2C7D34C700E2AB87 /* App */ = {
			isa = PBXGroup;
			children = (
				F6A0B6B52C7D33E000E2AB87 /* LululemonApp.swift */,
				F6A0B6B72C7D33E000E2AB87 /* ContentView.swift */,
				F6A0B6F42C7D446C00E2AB87 /* Extensions.swift */,
				F6A0B6F62C7D44E400E2AB87 /* SystemFont.swift */,
				F6FFCFA32C7E54E90029C9D2 /* Common.swift */,
			);
			path = App;
			sourceTree = "<group>";
		};
		F6A0B6E12C7D34ED00E2AB87 /* Models */ = {
			isa = PBXGroup;
			children = (
				F6A0B6FD2C7D51DA00E2AB87 /* ShopCategory.swift */,
				F679D46B2C7E6EE20027714F /* ForYouItem.swift */,
			);
			path = Models;
			sourceTree = "<group>";
		};
		F6A0B6E32C7D34F800E2AB87 /* Views */ = {
			isa = PBXGroup;
			children = (
				F6A0B6E72C7D363400E2AB87 /* ShopView */,
				F6FFCF972C7E42EC0029C9D2 /* StoresView */,
				F6FFCF9A2C7E430A0029C9D2 /* ClassesView */,
				F6FFCF9B2C7E43110029C9D2 /* WishListView */,
				F6FFCF9C2C7E43400029C9D2 /* AccountView */,
			);
			path = Views;
			sourceTree = "<group>";
		};
		F6A0B6E52C7D350B00E2AB87 /* ViewModels */ = {
			isa = PBXGroup;
			children = (
				F6A0B6EF2C7D425100E2AB87 /* ShopVM.swift */,
			);
			path = ViewModels;
			sourceTree = "<group>";
		};
		F6A0B6E62C7D351A00E2AB87 /* SampleJSONs */ = {
			isa = PBXGroup;
			children = (
			);
			path = SampleJSONs;
			sourceTree = "<group>";
		};
		F6A0B6E72C7D363400E2AB87 /* ShopView */ = {
			isa = PBXGroup;
			children = (
				F6A0B6E82C7D365600E2AB87 /* ShopView.swift */,
				F6A0B6EB2C7D3B6400E2AB87 /* HelloView.swift */,
				F6A0B6ED2C7D3C0700E2AB87 /* QRButton.swift */,
				F6A0B6F12C7D432300E2AB87 /* CategoryView */,
			);
			path = ShopView;
			sourceTree = "<group>";
		};
		F6A0B6F12C7D432300E2AB87 /* CategoryView */ = {
			isa = PBXGroup;
			children = (
				F6A0B6F22C7D435C00E2AB87 /* CategoryCarouselRowListView.swift */,
				F6A0B6F82C7D486700E2AB87 /* CategoryCarouselRowItemView.swift */,
				F6A0B6FA2C7D50FC00E2AB87 /* ForYouView */,
			);
			path = CategoryView;
			sourceTree = "<group>";
		};
		F6A0B6FA2C7D50FC00E2AB87 /* ForYouView */ = {
			isa = PBXGroup;
			children = (
				F6FFCF952C7E3B160029C9D2 /* ForYouView.swift */,
				F6A0B6FF2C7D935C00E2AB87 /* ForYouListView.swift */,
				F6A0B6FB2C7D511F00E2AB87 /* ForYouListItemView.swift */,
				F6FFCF932C7E34550029C9D2 /* ForYouBottomView.swift */,
			);
			path = ForYouView;
			sourceTree = "<group>";
		};
		F6FFCF972C7E42EC0029C9D2 /* StoresView */ = {
			isa = PBXGroup;
			children = (
				F6FFCF982C7E43020029C9D2 /* StoresView.swift */,
				F679D46D2C7E70380027714F /* SearchTextField.swift */,
				F69A6C132C7E753500F4EC6D /* MapView.swift */,
				F69A6C152C7E885D00F4EC6D /* ShopDetailsView.swift */,
			);
			path = StoresView;
			sourceTree = "<group>";
		};
		F6FFCF9A2C7E430A0029C9D2 /* ClassesView */ = {
			isa = PBXGroup;
			children = (
				F6FFCF9D2C7E43730029C9D2 /* ClassesView.swift */,
				F69C7BE72C80E9EC00954369 /* ClassesListView.swift */,
				F69C7BE92C81187400954369 /* ClassesListViewItem.swift */,
				F69C7BEB2C826C8400954369 /* ClassesButtomView.swift */,
			);
			path = ClassesView;
			sourceTree = "<group>";
		};
		F6FFCF9B2C7E43110029C9D2 /* WishListView */ = {
			isa = PBXGroup;
			children = (
				F6FFCF9F2C7E43820029C9D2 /* WishlistView.swift */,
				F6884DEC2C87B0FE00EB52B9 /* WishListSignInView.swift */,
				F6884DEE2C87B14900EB52B9 /* WishListMiddleView.swift */,
				F6884DF02C87B31400EB52B9 /* WishListCountView.swift */,
				F6884DF22C87B5E800EB52B9 /* CreateNewWishListButton.swift */,
			);
			path = WishListView;
			sourceTree = "<group>";
		};
		F6FFCF9C2C7E43400029C9D2 /* AccountView */ = {
			isa = PBXGroup;
			children = (
				F6FFCFA12C7E438F0029C9D2 /* AccountView.swift */,
			);
			path = AccountView;
			sourceTree = "<group>";
		};
/* End PBXGroup section */

/* Begin PBXNativeTarget section */
		F6A0B6B12C7D33E000E2AB87 /* Lululemon */ = {
			isa = PBXNativeTarget;
			buildConfigurationList = F6A0B6D62C7D33E100E2AB87 /* Build configuration list for PBXNativeTarget "Lululemon" */;
			buildPhases = (
				F6A0B6AE2C7D33E000E2AB87 /* Sources */,
				F6A0B6AF2C7D33E000E2AB87 /* Frameworks */,
				F6A0B6B02C7D33E000E2AB87 /* Resources */,
			);
			buildRules = (
			);
			dependencies = (
			);
			name = Lululemon;
			productName = Lululemon;
			productReference = F6A0B6B22C7D33E000E2AB87 /* Lululemon.app */;
			productType = "com.apple.product-type.application";
		};
		F6A0B6C12C7D33E100E2AB87 /* LululemonTests */ = {
			isa = PBXNativeTarget;
			buildConfigurationList = F6A0B6D92C7D33E100E2AB87 /* Build configuration list for PBXNativeTarget "LululemonTests" */;
			buildPhases = (
				F6A0B6BE2C7D33E100E2AB87 /* Sources */,
				F6A0B6BF2C7D33E100E2AB87 /* Frameworks */,
				F6A0B6C02C7D33E100E2AB87 /* Resources */,
			);
			buildRules = (
			);
			dependencies = (
				F6A0B6C42C7D33E100E2AB87 /* PBXTargetDependency */,
			);
			name = LululemonTests;
			productName = LululemonTests;
			productReference = F6A0B6C22C7D33E100E2AB87 /* LululemonTests.xctest */;
			productType = "com.apple.product-type.bundle.unit-test";
		};
		F6A0B6CB2C7D33E100E2AB87 /* LululemonUITests */ = {
			isa = PBXNativeTarget;
			buildConfigurationList = F6A0B6DC2C7D33E100E2AB87 /* Build configuration list for PBXNativeTarget "LululemonUITests" */;
			buildPhases = (
				F6A0B6C82C7D33E100E2AB87 /* Sources */,
				F6A0B6C92C7D33E100E2AB87 /* Frameworks */,
				F6A0B6CA2C7D33E100E2AB87 /* Resources */,
			);
			buildRules = (
			);
			dependencies = (
				F6A0B6CE2C7D33E100E2AB87 /* PBXTargetDependency */,
			);
			name = LululemonUITests;
			productName = LululemonUITests;
			productReference = F6A0B6CC2C7D33E100E2AB87 /* LululemonUITests.xctest */;
			productType = "com.apple.product-type.bundle.ui-testing";
		};
/* End PBXNativeTarget section */

/* Begin PBXProject section */
		F6A0B6AA2C7D33E000E2AB87 /* Project object */ = {
			isa = PBXProject;
			attributes = {
				BuildIndependentTargetsInParallel = 1;
				LastSwiftUpdateCheck = 1540;
				LastUpgradeCheck = 1540;
				TargetAttributes = {
					F6A0B6B12C7D33E000E2AB87 = {
						CreatedOnToolsVersion = 15.4;
					};
					F6A0B6C12C7D33E100E2AB87 = {
						CreatedOnToolsVersion = 15.4;
						TestTargetID = F6A0B6B12C7D33E000E2AB87;
					};
					F6A0B6CB2C7D33E100E2AB87 = {
						CreatedOnToolsVersion = 15.4;
						TestTargetID = F6A0B6B12C7D33E000E2AB87;
					};
				};
			};
			buildConfigurationList = F6A0B6AD2C7D33E000E2AB87 /* Build configuration list for PBXProject "Lululemon" */;
			compatibilityVersion = "Xcode 14.0";
			developmentRegion = en;
			hasScannedForEncodings = 0;
			knownRegions = (
				en,
				Base,
			);
			mainGroup = F6A0B6A92C7D33E000E2AB87;
			productRefGroup = F6A0B6B32C7D33E000E2AB87 /* Products */;
			projectDirPath = "";
			projectRoot = "";
			targets = (
				F6A0B6B12C7D33E000E2AB87 /* Lululemon */,
				F6A0B6C12C7D33E100E2AB87 /* LululemonTests */,
				F6A0B6CB2C7D33E100E2AB87 /* LululemonUITests */,
			);
		};
/* End PBXProject section */

/* Begin PBXResourcesBuildPhase section */
		F6A0B6B02C7D33E000E2AB87 /* Resources */ = {
			isa = PBXResourcesBuildPhase;
			buildActionMask = 2147483647;
			files = (
				F6A0B6BD2C7D33E100E2AB87 /* Preview Assets.xcassets in Resources */,
				F6A0B6BA2C7D33E100E2AB87 /* Assets.xcassets in Resources */,
			);
			runOnlyForDeploymentPostprocessing = 0;
		};
		F6A0B6C02C7D33E100E2AB87 /* Resources */ = {
			isa = PBXResourcesBuildPhase;
			buildActionMask = 2147483647;
			files = (
			);
			runOnlyForDeploymentPostprocessing = 0;
		};
		F6A0B6CA2C7D33E100E2AB87 /* Resources */ = {
			isa = PBXResourcesBuildPhase;
			buildActionMask = 2147483647;
			files = (
			);
			runOnlyForDeploymentPostprocessing = 0;
		};
/* End PBXResourcesBuildPhase section */

/* Begin PBXSourcesBuildPhase section */
		F6A0B6AE2C7D33E000E2AB87 /* Sources */ = {
			isa = PBXSourcesBuildPhase;
			buildActionMask = 2147483647;
			files = (
				F6A0B6E92C7D365600E2AB87 /* ShopView.swift in Sources */,
				F679D46E2C7E70380027714F /* SearchTextField.swift in Sources */,
				F6A0B6FE2C7D51DA00E2AB87 /* ShopCategory.swift in Sources */,
				F6884DF12C87B31400EB52B9 /* WishListCountView.swift in Sources */,
				F69C7BEC2C826C8400954369 /* ClassesButtomView.swift in Sources */,
				F6A0B6EC2C7D3B6400E2AB87 /* HelloView.swift in Sources */,
				F6884DED2C87B0FE00EB52B9 /* WishListSignInView.swift in Sources */,
				F6A0B7002C7D935C00E2AB87 /* ForYouListView.swift in Sources */,
				F69C7BE82C80E9EC00954369 /* ClassesListView.swift in Sources */,
				F6A0B6B82C7D33E000E2AB87 /* ContentView.swift in Sources */,
				F6A0B6F52C7D446C00E2AB87 /* Extensions.swift in Sources */,
				F6FFCF992C7E43020029C9D2 /* StoresView.swift in Sources */,
				F6A0B6F92C7D486700E2AB87 /* CategoryCarouselRowItemView.swift in Sources */,
				F69A6C142C7E753500F4EC6D /* MapView.swift in Sources */,
				F6A0B6EE2C7D3C0700E2AB87 /* QRButton.swift in Sources */,
				F69C7BEA2C81187400954369 /* ClassesListViewItem.swift in Sources */,
				F6884DF32C87B5E800EB52B9 /* CreateNewWishListButton.swift in Sources */,
				F69A6C162C7E885D00F4EC6D /* ShopDetailsView.swift in Sources */,
				F6FFCF962C7E3B160029C9D2 /* ForYouView.swift in Sources */,
				F679D46C2C7E6EE20027714F /* ForYouItem.swift in Sources */,
				F6A0B6F02C7D425100E2AB87 /* ShopVM.swift in Sources */,
				F6FFCF942C7E34550029C9D2 /* ForYouBottomView.swift in Sources */,
				F6A0B6B62C7D33E000E2AB87 /* LululemonApp.swift in Sources */,
				F6FFCFA42C7E54E90029C9D2 /* Common.swift in Sources */,
				F6FFCFA22C7E438F0029C9D2 /* AccountView.swift in Sources */,
				F6FFCFA02C7E43820029C9D2 /* WishlistView.swift in Sources */,
				F6884DEF2C87B14900EB52B9 /* WishListMiddleView.swift in Sources */,
				F6A0B6F72C7D44E400E2AB87 /* SystemFont.swift in Sources */,
				F6A0B6F32C7D435C00E2AB87 /* CategoryCarouselRowListView.swift in Sources */,
				F6A0B6FC2C7D511F00E2AB87 /* ForYouListItemView.swift in Sources */,
				F6FFCF9E2C7E43730029C9D2 /* ClassesView.swift in Sources */,
			);
			runOnlyForDeploymentPostprocessing = 0;
		};
		F6A0B6BE2C7D33E100E2AB87 /* Sources */ = {
			isa = PBXSourcesBuildPhase;
			buildActionMask = 2147483647;
			files = (
				F6A0B6C72C7D33E100E2AB87 /* LululemonTests.swift in Sources */,
			);
			runOnlyForDeploymentPostprocessing = 0;
		};
		F6A0B6C82C7D33E100E2AB87 /* Sources */ = {
			isa = PBXSourcesBuildPhase;
			buildActionMask = 2147483647;
			files = (
				F6A0B6D32C7D33E100E2AB87 /* LululemonUITestsLaunchTests.swift in Sources */,
				F6A0B6D12C7D33E100E2AB87 /* LululemonUITests.swift in Sources */,
			);
			runOnlyForDeploymentPostprocessing = 0;
		};
/* End PBXSourcesBuildPhase section */

/* Begin PBXTargetDependency section */
		F6A0B6C42C7D33E100E2AB87 /* PBXTargetDependency */ = {
			isa = PBXTargetDependency;
			target = F6A0B6B12C7D33E000E2AB87 /* Lululemon */;
			targetProxy = F6A0B6C32C7D33E100E2AB87 /* PBXContainerItemProxy */;
		};
		F6A0B6CE2C7D33E100E2AB87 /* PBXTargetDependency */ = {
			isa = PBXTargetDependency;
			target = F6A0B6B12C7D33E000E2AB87 /* Lululemon */;
			targetProxy = F6A0B6CD2C7D33E100E2AB87 /* PBXContainerItemProxy */;
		};
/* End PBXTargetDependency section */

/* Begin XCBuildConfiguration section */
		F6A0B6D42C7D33E100E2AB87 /* Debug */ = {
			isa = XCBuildConfiguration;
			buildSettings = {
				ALWAYS_SEARCH_USER_PATHS = NO;
				ASSETCATALOG_COMPILER_GENERATE_SWIFT_ASSET_SYMBOL_EXTENSIONS = YES;
				CLANG_ANALYZER_NONNULL = YES;
				CLANG_ANALYZER_NUMBER_OBJECT_CONVERSION = YES_AGGRESSIVE;
				CLANG_CXX_LANGUAGE_STANDARD = "gnu++20";
				CLANG_ENABLE_MODULES = YES;
				CLANG_ENABLE_OBJC_ARC = YES;
				CLANG_ENABLE_OBJC_WEAK = YES;
				CLANG_WARN_BLOCK_CAPTURE_AUTORELEASING = YES;
				CLANG_WARN_BOOL_CONVERSION = YES;
				CLANG_WARN_COMMA = YES;
				CLANG_WARN_CONSTANT_CONVERSION = YES;
				CLANG_WARN_DEPRECATED_OBJC_IMPLEMENTATIONS = YES;
				CLANG_WARN_DIRECT_OBJC_ISA_USAGE = YES_ERROR;
				CLANG_WARN_DOCUMENTATION_COMMENTS = YES;
				CLANG_WARN_EMPTY_BODY = YES;
				CLANG_WARN_ENUM_CONVERSION = YES;
				CLANG_WARN_INFINITE_RECURSION = YES;
				CLANG_WARN_INT_CONVERSION = YES;
				CLANG_WARN_NON_LITERAL_NULL_CONVERSION = YES;
				CLANG_WARN_OBJC_IMPLICIT_RETAIN_SELF = YES;
				CLANG_WARN_OBJC_LITERAL_CONVERSION = YES;
				CLANG_WARN_OBJC_ROOT_CLASS = YES_ERROR;
				CLANG_WARN_QUOTED_INCLUDE_IN_FRAMEWORK_HEADER = YES;
				CLANG_WARN_RANGE_LOOP_ANALYSIS = YES;
				CLANG_WARN_STRICT_PROTOTYPES = YES;
				CLANG_WARN_SUSPICIOUS_MOVE = YES;
				CLANG_WARN_UNGUARDED_AVAILABILITY = YES_AGGRESSIVE;
				CLANG_WARN_UNREACHABLE_CODE = YES;
				CLANG_WARN__DUPLICATE_METHOD_MATCH = YES;
				COPY_PHASE_STRIP = NO;
				DEBUG_INFORMATION_FORMAT = dwarf;
				ENABLE_STRICT_OBJC_MSGSEND = YES;
				ENABLE_TESTABILITY = YES;
				ENABLE_USER_SCRIPT_SANDBOXING = YES;
				GCC_C_LANGUAGE_STANDARD = gnu17;
				GCC_DYNAMIC_NO_PIC = NO;
				GCC_NO_COMMON_BLOCKS = YES;
				GCC_OPTIMIZATION_LEVEL = 0;
				GCC_PREPROCESSOR_DEFINITIONS = (
					"DEBUG=1",
					"$(inherited)",
				);
				GCC_WARN_64_TO_32_BIT_CONVERSION = YES;
				GCC_WARN_ABOUT_RETURN_TYPE = YES_ERROR;
				GCC_WARN_UNDECLARED_SELECTOR = YES;
				GCC_WARN_UNINITIALIZED_AUTOS = YES_AGGRESSIVE;
				GCC_WARN_UNUSED_FUNCTION = YES;
				GCC_WARN_UNUSED_VARIABLE = YES;
				IPHONEOS_DEPLOYMENT_TARGET = 17.5;
				LOCALIZATION_PREFERS_STRING_CATALOGS = YES;
				MTL_ENABLE_DEBUG_INFO = INCLUDE_SOURCE;
				MTL_FAST_MATH = YES;
				ONLY_ACTIVE_ARCH = YES;
				SDKROOT = iphoneos;
				SWIFT_ACTIVE_COMPILATION_CONDITIONS = "DEBUG $(inherited)";
				SWIFT_OPTIMIZATION_LEVEL = "-Onone";
			};
			name = Debug;
		};
		F6A0B6D52C7D33E100E2AB87 /* Release */ = {
			isa = XCBuildConfiguration;
			buildSettings = {
				ALWAYS_SEARCH_USER_PATHS = NO;
				ASSETCATALOG_COMPILER_GENERATE_SWIFT_ASSET_SYMBOL_EXTENSIONS = YES;
				CLANG_ANALYZER_NONNULL = YES;
				CLANG_ANALYZER_NUMBER_OBJECT_CONVERSION = YES_AGGRESSIVE;
				CLANG_CXX_LANGUAGE_STANDARD = "gnu++20";
				CLANG_ENABLE_MODULES = YES;
				CLANG_ENABLE_OBJC_ARC = YES;
				CLANG_ENABLE_OBJC_WEAK = YES;
				CLANG_WARN_BLOCK_CAPTURE_AUTORELEASING = YES;
				CLANG_WARN_BOOL_CONVERSION = YES;
				CLANG_WARN_COMMA = YES;
				CLANG_WARN_CONSTANT_CONVERSION = YES;
				CLANG_WARN_DEPRECATED_OBJC_IMPLEMENTATIONS = YES;
				CLANG_WARN_DIRECT_OBJC_ISA_USAGE = YES_ERROR;
				CLANG_WARN_DOCUMENTATION_COMMENTS = YES;
				CLANG_WARN_EMPTY_BODY = YES;
				CLANG_WARN_ENUM_CONVERSION = YES;
				CLANG_WARN_INFINITE_RECURSION = YES;
				CLANG_WARN_INT_CONVERSION = YES;
				CLANG_WARN_NON_LITERAL_NULL_CONVERSION = YES;
				CLANG_WARN_OBJC_IMPLICIT_RETAIN_SELF = YES;
				CLANG_WARN_OBJC_LITERAL_CONVERSION = YES;
				CLANG_WARN_OBJC_ROOT_CLASS = YES_ERROR;
				CLANG_WARN_QUOTED_INCLUDE_IN_FRAMEWORK_HEADER = YES;
				CLANG_WARN_RANGE_LOOP_ANALYSIS = YES;
				CLANG_WARN_STRICT_PROTOTYPES = YES;
				CLANG_WARN_SUSPICIOUS_MOVE = YES;
				CLANG_WARN_UNGUARDED_AVAILABILITY = YES_AGGRESSIVE;
				CLANG_WARN_UNREACHABLE_CODE = YES;
				CLANG_WARN__DUPLICATE_METHOD_MATCH = YES;
				COPY_PHASE_STRIP = NO;
				DEBUG_INFORMATION_FORMAT = "dwarf-with-dsym";
				ENABLE_NS_ASSERTIONS = NO;
				ENABLE_STRICT_OBJC_MSGSEND = YES;
				ENABLE_USER_SCRIPT_SANDBOXING = YES;
				GCC_C_LANGUAGE_STANDARD = gnu17;
				GCC_NO_COMMON_BLOCKS = YES;
				GCC_WARN_64_TO_32_BIT_CONVERSION = YES;
				GCC_WARN_ABOUT_RETURN_TYPE = YES_ERROR;
				GCC_WARN_UNDECLARED_SELECTOR = YES;
				GCC_WARN_UNINITIALIZED_AUTOS = YES_AGGRESSIVE;
				GCC_WARN_UNUSED_FUNCTION = YES;
				GCC_WARN_UNUSED_VARIABLE = YES;
				IPHONEOS_DEPLOYMENT_TARGET = 17.5;
				LOCALIZATION_PREFERS_STRING_CATALOGS = YES;
				MTL_ENABLE_DEBUG_INFO = NO;
				MTL_FAST_MATH = YES;
				SDKROOT = iphoneos;
				SWIFT_COMPILATION_MODE = wholemodule;
				VALIDATE_PRODUCT = YES;
			};
			name = Release;
		};
		F6A0B6D72C7D33E100E2AB87 /* Debug */ = {
			isa = XCBuildConfiguration;
			buildSettings = {
				ASSETCATALOG_COMPILER_APPICON_NAME = AppIcon;
				ASSETCATALOG_COMPILER_GLOBAL_ACCENT_COLOR_NAME = AccentColor;
				CODE_SIGN_STYLE = Automatic;
				CURRENT_PROJECT_VERSION = 1;
				DEVELOPMENT_ASSET_PATHS = "\"Lululemon/Preview Content\"";
				DEVELOPMENT_TEAM = 47V2Q8N9K4;
				ENABLE_PREVIEWS = YES;
				GENERATE_INFOPLIST_FILE = YES;
				INFOPLIST_KEY_UIApplicationSceneManifest_Generation = YES;
				INFOPLIST_KEY_UIApplicationSupportsIndirectInputEvents = YES;
				INFOPLIST_KEY_UILaunchScreen_Generation = YES;
				INFOPLIST_KEY_UISupportedInterfaceOrientations_iPad = "UIInterfaceOrientationPortrait UIInterfaceOrientationPortraitUpsideDown UIInterfaceOrientationLandscapeLeft UIInterfaceOrientationLandscapeRight";
				INFOPLIST_KEY_UISupportedInterfaceOrientations_iPhone = "UIInterfaceOrientationPortrait UIInterfaceOrientationLandscapeLeft UIInterfaceOrientationLandscapeRight";
				LD_RUNPATH_SEARCH_PATHS = (
					"$(inherited)",
					"@executable_path/Frameworks",
				);
				MARKETING_VERSION = 1.0;
				PRODUCT_BUNDLE_IDENTIFIER = com.skim.test.Lululemon;
				PRODUCT_NAME = "$(TARGET_NAME)";
				SWIFT_EMIT_LOC_STRINGS = YES;
				SWIFT_VERSION = 5.0;
				TARGETED_DEVICE_FAMILY = "1,2";
			};
			name = Debug;
		};
		F6A0B6D82C7D33E100E2AB87 /* Release */ = {
			isa = XCBuildConfiguration;
			buildSettings = {
				ASSETCATALOG_COMPILER_APPICON_NAME = AppIcon;
				ASSETCATALOG_COMPILER_GLOBAL_ACCENT_COLOR_NAME = AccentColor;
				CODE_SIGN_STYLE = Automatic;
				CURRENT_PROJECT_VERSION = 1;
				DEVELOPMENT_ASSET_PATHS = "\"Lululemon/Preview Content\"";
				DEVELOPMENT_TEAM = 47V2Q8N9K4;
				ENABLE_PREVIEWS = YES;
				GENERATE_INFOPLIST_FILE = YES;
				INFOPLIST_KEY_UIApplicationSceneManifest_Generation = YES;
				INFOPLIST_KEY_UIApplicationSupportsIndirectInputEvents = YES;
				INFOPLIST_KEY_UILaunchScreen_Generation = YES;
				INFOPLIST_KEY_UISupportedInterfaceOrientations_iPad = "UIInterfaceOrientationPortrait UIInterfaceOrientationPortraitUpsideDown UIInterfaceOrientationLandscapeLeft UIInterfaceOrientationLandscapeRight";
				INFOPLIST_KEY_UISupportedInterfaceOrientations_iPhone = "UIInterfaceOrientationPortrait UIInterfaceOrientationLandscapeLeft UIInterfaceOrientationLandscapeRight";
				LD_RUNPATH_SEARCH_PATHS = (
					"$(inherited)",
					"@executable_path/Frameworks",
				);
				MARKETING_VERSION = 1.0;
				PRODUCT_BUNDLE_IDENTIFIER = com.skim.test.Lululemon;
				PRODUCT_NAME = "$(TARGET_NAME)";
				SWIFT_EMIT_LOC_STRINGS = YES;
				SWIFT_VERSION = 5.0;
				TARGETED_DEVICE_FAMILY = "1,2";
			};
			name = Release;
		};
		F6A0B6DA2C7D33E100E2AB87 /* Debug */ = {
			isa = XCBuildConfiguration;
			buildSettings = {
				ALWAYS_EMBED_SWIFT_STANDARD_LIBRARIES = YES;
				BUNDLE_LOADER = "$(TEST_HOST)";
				CODE_SIGN_STYLE = Automatic;
				CURRENT_PROJECT_VERSION = 1;
				DEVELOPMENT_TEAM = 47V2Q8N9K4;
				GENERATE_INFOPLIST_FILE = YES;
				IPHONEOS_DEPLOYMENT_TARGET = 17.5;
				MARKETING_VERSION = 1.0;
				PRODUCT_BUNDLE_IDENTIFIER = com.skim.test.LululemonTests;
				PRODUCT_NAME = "$(TARGET_NAME)";
				SWIFT_EMIT_LOC_STRINGS = NO;
				SWIFT_VERSION = 5.0;
				TARGETED_DEVICE_FAMILY = "1,2";
				TEST_HOST = "$(BUILT_PRODUCTS_DIR)/Lululemon.app/$(BUNDLE_EXECUTABLE_FOLDER_PATH)/Lululemon";
			};
			name = Debug;
		};
		F6A0B6DB2C7D33E100E2AB87 /* Release */ = {
			isa = XCBuildConfiguration;
			buildSettings = {
				ALWAYS_EMBED_SWIFT_STANDARD_LIBRARIES = YES;
				BUNDLE_LOADER = "$(TEST_HOST)";
				CODE_SIGN_STYLE = Automatic;
				CURRENT_PROJECT_VERSION = 1;
				DEVELOPMENT_TEAM = 47V2Q8N9K4;
				GENERATE_INFOPLIST_FILE = YES;
				IPHONEOS_DEPLOYMENT_TARGET = 17.5;
				MARKETING_VERSION = 1.0;
				PRODUCT_BUNDLE_IDENTIFIER = com.skim.test.LululemonTests;
				PRODUCT_NAME = "$(TARGET_NAME)";
				SWIFT_EMIT_LOC_STRINGS = NO;
				SWIFT_VERSION = 5.0;
				TARGETED_DEVICE_FAMILY = "1,2";
				TEST_HOST = "$(BUILT_PRODUCTS_DIR)/Lululemon.app/$(BUNDLE_EXECUTABLE_FOLDER_PATH)/Lululemon";
			};
			name = Release;
		};
		F6A0B6DD2C7D33E100E2AB87 /* Debug */ = {
			isa = XCBuildConfiguration;
			buildSettings = {
				ALWAYS_EMBED_SWIFT_STANDARD_LIBRARIES = YES;
				CODE_SIGN_STYLE = Automatic;
				CURRENT_PROJECT_VERSION = 1;
				DEVELOPMENT_TEAM = 47V2Q8N9K4;
				GENERATE_INFOPLIST_FILE = YES;
				MARKETING_VERSION = 1.0;
				PRODUCT_BUNDLE_IDENTIFIER = com.skim.test.LululemonUITests;
				PRODUCT_NAME = "$(TARGET_NAME)";
				SWIFT_EMIT_LOC_STRINGS = NO;
				SWIFT_VERSION = 5.0;
				TARGETED_DEVICE_FAMILY = "1,2";
				TEST_TARGET_NAME = Lululemon;
			};
			name = Debug;
		};
		F6A0B6DE2C7D33E100E2AB87 /* Release */ = {
			isa = XCBuildConfiguration;
			buildSettings = {
				ALWAYS_EMBED_SWIFT_STANDARD_LIBRARIES = YES;
				CODE_SIGN_STYLE = Automatic;
				CURRENT_PROJECT_VERSION = 1;
				DEVELOPMENT_TEAM = 47V2Q8N9K4;
				GENERATE_INFOPLIST_FILE = YES;
				MARKETING_VERSION = 1.0;
				PRODUCT_BUNDLE_IDENTIFIER = com.skim.test.LululemonUITests;
				PRODUCT_NAME = "$(TARGET_NAME)";
				SWIFT_EMIT_LOC_STRINGS = NO;
				SWIFT_VERSION = 5.0;
				TARGETED_DEVICE_FAMILY = "1,2";
				TEST_TARGET_NAME = Lululemon;
			};
			name = Release;
		};
/* End XCBuildConfiguration section */

/* Begin XCConfigurationList section */
		F6A0B6AD2C7D33E000E2AB87 /* Build configuration list for PBXProject "Lululemon" */ = {
			isa = XCConfigurationList;
			buildConfigurations = (
				F6A0B6D42C7D33E100E2AB87 /* Debug */,
				F6A0B6D52C7D33E100E2AB87 /* Release */,
			);
			defaultConfigurationIsVisible = 0;
			defaultConfigurationName = Release;
		};
		F6A0B6D62C7D33E100E2AB87 /* Build configuration list for PBXNativeTarget "Lululemon" */ = {
			isa = XCConfigurationList;
			buildConfigurations = (
				F6A0B6D72C7D33E100E2AB87 /* Debug */,
				F6A0B6D82C7D33E100E2AB87 /* Release */,
			);
			defaultConfigurationIsVisible = 0;
			defaultConfigurationName = Release;
		};
		F6A0B6D92C7D33E100E2AB87 /* Build configuration list for PBXNativeTarget "LululemonTests" */ = {
			isa = XCConfigurationList;
			buildConfigurations = (
				F6A0B6DA2C7D33E100E2AB87 /* Debug */,
				F6A0B6DB2C7D33E100E2AB87 /* Release */,
			);
			defaultConfigurationIsVisible = 0;
			defaultConfigurationName = Release;
		};
		F6A0B6DC2C7D33E100E2AB87 /* Build configuration list for PBXNativeTarget "LululemonUITests" */ = {
			isa = XCConfigurationList;
			buildConfigurations = (
				F6A0B6DD2C7D33E100E2AB87 /* Debug */,
				F6A0B6DE2C7D33E100E2AB87 /* Release */,
			);
			defaultConfigurationIsVisible = 0;
			defaultConfigurationName = Release;
		};
/* End XCConfigurationList section */
	};
	rootObject = F6A0B6AA2C7D33E000E2AB87 /* Project object */;
}
